
Microsoft Visual Studio Solution File, Format Version 12.00
# Visual Studio Version 17
VisualStudioVersion = 17.0.31903.59
MinimumVisualStudioVersion = 10.0.40219.1
Project("{FAE04EC0-301F-11D3-BF4B-00C04F79EFBC}") = "SmartCleaner.Core", "SmartCleaner.Core\SmartCleaner.Core.csproj", "{2BE17022-10AB-450E-BDD4-712331866D25}"
EndProject
Project("{FAE04EC0-301F-11D3-BF4B-00C04F79EFBC}") = "SmartCleaner.App", "SmartCleaner.App\SmartCleaner.App.csproj", "{01337DCE-0EA2-47CE-99A4-93AFD7BB1378}"
EndProject
Project("{FAE04EC0-301F-11D3-BF4B-00C04F79EFBC}") = "SmartCleaner.Core.Tests", "SmartCleaner.Core.Tests\SmartCleaner.Core.Tests.csproj", "{9BBF89E3-C7DC-41C9-8D40-D527907040EF}"
EndProject
Global
	GlobalSection(SolutionConfigurationPlatforms) = preSolution
		Debug|Any CPU = Debug|Any CPU
		Debug|x64 = Debug|x64
		Debug|x86 = Debug|x86
		Release|Any CPU = Release|Any CPU
		Release|x64 = Release|x64
		Release|x86 = Release|x86
	EndGlobalSection
	GlobalSection(ProjectConfigurationPlatforms) = postSolution
		{2BE17022-10AB-450E-BDD4-712331866D25}.Debug|Any CPU.ActiveCfg = Debug|Any CPU
		{2BE17022-10AB-450E-BDD4-712331866D25}.Debug|Any CPU.Build.0 = Debug|Any CPU
		{2BE17022-10AB-450E-BDD4-712331866D25}.Debug|x64.ActiveCfg = Debug|Any CPU
		{2BE17022-10AB-450E-BDD4-712331866D25}.Debug|x64.Build.0 = Debug|Any CPU
		{2BE17022-10AB-450E-BDD4-712331866D25}.Debug|x86.ActiveCfg = Debug|Any CPU
		{2BE17022-10AB-450E-BDD4-712331866D25}.Debug|x86.Build.0 = Debug|Any CPU
		{2BE17022-10AB-450E-BDD4-712331866D25}.Release|Any CPU.ActiveCfg = Release|Any CPU
		{2BE17022-10AB-450E-BDD4-712331866D25}.Release|Any CPU.Build.0 = Release|Any CPU
		{2BE17022-10AB-450E-BDD4-712331866D25}.Release|x64.ActiveCfg = Release|Any CPU
		{2BE17022-10AB-450E-BDD4-712331866D25}.Release|x64.Build.0 = Release|Any CPU
		{2BE17022-10AB-450E-BDD4-712331866D25}.Release|x86.ActiveCfg = Release|Any CPU
		{2BE17022-10AB-450E-BDD4-712331866D25}.Release|x86.Build.0 = Release|Any CPU
		{01337DCE-0EA2-47CE-99A4-93AFD7BB1378}.Debug|Any CPU.ActiveCfg = Debug|Any CPU
		{01337DCE-0EA2-47CE-99A4-93AFD7BB1378}.Debug|Any CPU.Build.0 = Debug|Any CPU
		{01337DCE-0EA2-47CE-99A4-93AFD7BB1378}.Debug|x64.ActiveCfg = Debug|Any CPU
		{01337DCE-0EA2-47CE-99A4-93AFD7BB1378}.Debug|x64.Build.0 = Debug|Any CPU
		{01337DCE-0EA2-47CE-99A4-93AFD7BB1378}.Debug|x86.ActiveCfg = Debug|Any CPU
		{01337DCE-0EA2-47CE-99A4-93AFD7BB1378}.Debug|x86.Build.0 = Debug|Any CPU
		{01337DCE-0EA2-47CE-99A4-93AFD7BB1378}.Release|Any CPU.ActiveCfg = Release|Any CPU
		{01337DCE-0EA2-47CE-99A4-93AFD7BB1378}.Release|Any CPU.Build.0 = Release|Any CPU
		{01337DCE-0EA2-47CE-99A4-93AFD7BB1378}.Release|x64.ActiveCfg = Release|Any CPU
		{01337DCE-0EA2-47CE-99A4-93AFD7BB1378}.Release|x64.Build.0 = Release|Any CPU
		{01337DCE-0EA2-47CE-99A4-93AFD7BB1378}.Release|x86.ActiveCfg = Release|Any CPU
		{01337DCE-0EA2-47CE-99A4-93AFD7BB1378}.Release|x86.Build.0 = Release|Any CPU
		{9BBF89E3-C7DC-41C9-8D40-D527907040EF}.Debug|Any CPU.ActiveCfg = Debug|Any CPU
		{9BBF89E3-C7DC-41C9-8D40-D527907040EF}.Debug|Any CPU.Build.0 = Debug|Any CPU
		{9BBF89E3-C7DC-41C9-8D40-D527907040EF}.Debug|x64.ActiveCfg = Debug|Any CPU
		{9BBF89E3-C7DC-41C9-8D40-D527907040EF}.Debug|x64.Build.0 = Debug|Any CPU
		{9BBF89E3-C7DC-41C9-8D40-D527907040EF}.Debug|x86.ActiveCfg = Debug|Any CPU
		{9BBF89E3-C7DC-41C9-8D40-D527907040EF}.Debug|x86.Build.0 = Debug|Any CPU
		{9BBF89E3-C7DC-41C9-8D40-D527907040EF}.Release|Any CPU.ActiveCfg = Release|Any CPU
		{9BBF89E3-C7DC-41C9-8D40-D527907040EF}.Release|Any CPU.Build.0 = Release|Any CPU
		{9BBF89E3-C7DC-41C9-8D40-D527907040EF}.Release|x64.ActiveCfg = Release|Any CPU
		{9BBF89E3-C7DC-41C9-8D40-D527907040EF}.Release|x64.Build.0 = Release|Any CPU
		{9BBF89E3-C7DC-41C9-8D40-D527907040EF}.Release|x86.ActiveCfg = Release|Any CPU
		{9BBF89E3-C7DC-41C9-8D40-D527907040EF}.Release|x86.Build.0 = Release|Any CPU
	EndGlobalSection
	GlobalSection(SolutionProperties) = preSolution
		HideSolutionNode = FALSE
	EndGlobalSection
EndGlobal
